
Microsoft Visual Studio Solution File, Format Version 12.00
# Visual Studio Version 17
VisualStudioVersion = 17.6.33723.286
MinimumVisualStudioVersion = 10.0.40219.1
Project("{FAE04EC0-301F-11D3-BF4B-00C04F79EFBC}") = "WinFormsApp1", "WinFormsApp1\WinFormsApp1.csproj", "{6A9C8E53-CF2D-4809-B450-3142A3E87739}"
EndProject
Global
	GlobalSection(SolutionConfigurationPlatforms) = preSolution
		Debug|Any CPU = Debug|Any CPU
		Release|Any CPU = Release|Any CPU
	EndGlobalSection
	GlobalSection(ProjectConfigurationPlatforms) = postSolution
		{6A9C8E53-CF2D-4809-B450-3142A3E87739}.Debug|Any CPU.ActiveCfg = Debug|Any CPU
		{6A9C8E53-CF2D-4809-B450-3142A3E87739}.Debug|Any CPU.Build.0 = Debug|Any CPU
		{6A9C8E53-CF2D-4809-B450-3142A3E87739}.Release|Any CPU.ActiveCfg = Release|Any CPU
		{6A9C8E53-CF2D-4809-B450-3142A3E87739}.Release|Any CPU.Build.0 = Release|Any CPU
	EndGlobalSection
	GlobalSection(SolutionProperties) = preSolution
		HideSolutionNode = FALSE
	EndGlobalSection
	GlobalSection(ExtensibilityGlobals) = postSolution
		SolutionGuid = {0C9403A8-16A4-4803-8C14-1AF636BD34F2}
	EndGlobalSection
EndGlobal
